PODS:
  - Alamofire (5.2.2)
  - JJFloatingActionButton (2.5.0)
  - lottie-ios (3.1.8)
  - SegementSlide (3.0.0)
  - SwiftyJSON (5.0.0)

DEPENDENCIES:
  - Alamofire
  - JJFloatingActionButton
  - lottie-ios
  - SegementSlide
  - SwiftyJSON

SPEC REPOS:
  trunk:
    - Alamofire
    - JJFloatingActionButton
    - lottie-ios
    - SegementSlide
    - SwiftyJSON

SPEC CHECKSUMS:
  Alamofire: 814429acc853c6c54ff123fc3d2ef66803823ce0
  JJFloatingActionButton: fdc3aefb0f28f04d0f988fa25d5fac97028a9ea7
  lottie-ios: 48fac6be217c76937e36e340e2d09cf7b10b7f5f
  SegementSlide: ad0a6de50cbcc071da9ec8b0f403a4e75b20ba9a
  SwiftyJSON: 36413e04c44ee145039d332b4f4e2d3e8d6c4db7

PODFILE CHECKSUM: 857e482834ba8e91fe28f81d6417d157ef6d7a80

COCOAPODS: 1.9.3
